
Microsoft Visual Studio Solution File, Format Version 12.00
# Visual Studio 2015
Project("{FAE04EC0-301F-11D3-BF4B-00C04F79EFBC}") = "LudumDare 2017.CSharp.Plugins", "LudumDare 2017.CSharp.Plugins.csproj", "{79069005-BC40-C938-0AA6-047713D7F07A}"
EndProject
Project("{FAE04EC0-301F-11D3-BF4B-00C04F79EFBC}") = "LudumDare 2017.CSharp", "LudumDare 2017.CSharp.csproj", "{4E5CDAFC-380D-89B0-59C7-AD07557C724F}"
EndProject
Project("{FAE04EC0-301F-11D3-BF4B-00C04F79EFBC}") = "LudumDare 2017.CSharp.Editor.Plugins", "LudumDare 2017.CSharp.Editor.Plugins.csproj", "{ED9EF0C8-725B-97EA-03A1-D527A9DE8C1A}"
EndProject
Global
	GlobalSection(SolutionConfigurationPlatforms) = preSolution
		Debug|Any CPU = Debug|Any CPU
		Release|Any CPU = Release|Any CPU
	EndGlobalSection
	GlobalSection(ProjectConfigurationPlatforms) = postSolution
		{79069005-BC40-C938-0AA6-047713D7F07A}.Debug|Any CPU.ActiveCfg = Debug|Any CPU
		{79069005-BC40-C938-0AA6-047713D7F07A}.Debug|Any CPU.Build.0 = Debug|Any CPU
		{79069005-BC40-C938-0AA6-047713D7F07A}.Release|Any CPU.ActiveCfg = Release|Any CPU
		{79069005-BC40-C938-0AA6-047713D7F07A}.Release|Any CPU.Build.0 = Release|Any CPU
		{4E5CDAFC-380D-89B0-59C7-AD07557C724F}.Debug|Any CPU.ActiveCfg = Debug|Any CPU
		{4E5CDAFC-380D-89B0-59C7-AD07557C724F}.Debug|Any CPU.Build.0 = Debug|Any CPU
		{4E5CDAFC-380D-89B0-59C7-AD07557C724F}.Release|Any CPU.ActiveCfg = Release|Any CPU
		{4E5CDAFC-380D-89B0-59C7-AD07557C724F}.Release|Any CPU.Build.0 = Release|Any CPU
		{ED9EF0C8-725B-97EA-03A1-D527A9DE8C1A}.Debug|Any CPU.ActiveCfg = Debug|Any CPU
		{ED9EF0C8-725B-97EA-03A1-D527A9DE8C1A}.Debug|Any CPU.Build.0 = Debug|Any CPU
		{ED9EF0C8-725B-97EA-03A1-D527A9DE8C1A}.Release|Any CPU.ActiveCfg = Release|Any CPU
		{ED9EF0C8-725B-97EA-03A1-D527A9DE8C1A}.Release|Any CPU.Build.0 = Release|Any CPU
	EndGlobalSection
	GlobalSection(SolutionProperties) = preSolution
		HideSolutionNode = FALSE
	EndGlobalSection
EndGlobal
